
Microsoft Visual Studio Solution File, Format Version 12.00
# Visual Studio 15
VisualStudioVersion = 15.0.28010.2036
MinimumVisualStudioVersion = 10.0.40219.1
Project("{FAE04EC0-301F-11D3-BF4B-00C04F79EFBC}") = "TheConference", "TheConference\TheConference.csproj", "{363F6ADE-DC46-4944-ADFA-A1E75683F1EC}"
EndProject
Global
	GlobalSection(SolutionConfigurationPlatforms) = preSolution
		Debug|Any CPU = Debug|Any CPU
		Release|Any CPU = Release|Any CPU
	EndGlobalSection
	GlobalSection(ProjectConfigurationPlatforms) = postSolution
		{363F6ADE-DC46-4944-ADFA-A1E75683F1EC}.Debug|Any CPU.ActiveCfg = Debug|Any CPU
		{363F6ADE-DC46-4944-ADFA-A1E75683F1EC}.Debug|Any CPU.Build.0 = Debug|Any CPU
		{363F6ADE-DC46-4944-ADFA-A1E75683F1EC}.Release|Any CPU.ActiveCfg = Release|Any CPU
		{363F6ADE-DC46-4944-ADFA-A1E75683F1EC}.Release|Any CPU.Build.0 = Release|Any CPU
	EndGlobalSection
	GlobalSection(SolutionProperties) = preSolution
		HideSolutionNode = FALSE
	EndGlobalSection
	GlobalSection(ExtensibilityGlobals) = postSolution
		SolutionGuid = {0A3561DD-0F76-46EE-BA23-D5EE62F4A0E0}
	EndGlobalSection
EndGlobal
